
Microsoft Visual Studio Solution File, Format Version 12.00
# Visual Studio 15
VisualStudioVersion = 15.0.28010.2041
MinimumVisualStudioVersion = 10.0.40219.1
Project("{FAE04EC0-301F-11D3-BF4B-00C04F79EFBC}") = "HelloOkta", "HelloOkta\HelloOkta.csproj", "{20EF2A15-E258-41F5-9802-C9321D3EF839}"
EndProject
Global
	GlobalSection(SolutionConfigurationPlatforms) = preSolution
		Debug|Any CPU = Debug|Any CPU
		Release|Any CPU = Release|Any CPU
	EndGlobalSection
	GlobalSection(ProjectConfigurationPlatforms) = postSolution
		{20EF2A15-E258-41F5-9802-C9321D3EF839}.Debug|Any CPU.ActiveCfg = Debug|Any CPU
		{20EF2A15-E258-41F5-9802-C9321D3EF839}.Debug|Any CPU.Build.0 = Debug|Any CPU
		{20EF2A15-E258-41F5-9802-C9321D3EF839}.Release|Any CPU.ActiveCfg = Release|Any CPU
		{20EF2A15-E258-41F5-9802-C9321D3EF839}.Release|Any CPU.Build.0 = Release|Any CPU
	EndGlobalSection
	GlobalSection(SolutionProperties) = preSolution
		HideSolutionNode = FALSE
	EndGlobalSection
	GlobalSection(ExtensibilityGlobals) = postSolution
		SolutionGuid = {D3E28B2D-E058-4518-A90E-A787C5EACD18}
	EndGlobalSection
EndGlobal
